
Microsoft Visual Studio Solution File, Format Version 12.00
# Visual Studio Version 17
VisualStudioVersion = 17.0.31903.59
MinimumVisualStudioVersion = 10.0.40219.1
Project("{2150E333-8FDC-42A3-9474-1A3956D46DE8}") = "Lab1", "Lab1", "{B2DDB7AD-CBB8-4454-B24C-41A59E286FF9}"
EndProject
Project("{FAE04EC0-301F-11D3-BF4B-00C04F79EFBC}") = "Lab1", "Lab1\Lab1\Lab1.csproj", "{E7A064B1-4145-462A-94FC-4D012D4EEDAF}"
EndProject
Project("{FAE04EC0-301F-11D3-BF4B-00C04F79EFBC}") = "Lab3", "Lab3\Lab3.csproj", "{8F64BED3-E343-496C-96EC-8A7204624756}"
EndProject
Global
	GlobalSection(SolutionConfigurationPlatforms) = preSolution
		Debug|Any CPU = Debug|Any CPU
		Release|Any CPU = Release|Any CPU
	EndGlobalSection
	GlobalSection(SolutionProperties) = preSolution
		HideSolutionNode = FALSE
	EndGlobalSection
	GlobalSection(ProjectConfigurationPlatforms) = postSolution
		{E7A064B1-4145-462A-94FC-4D012D4EEDAF}.Debug|Any CPU.ActiveCfg = Debug|Any CPU
		{E7A064B1-4145-462A-94FC-4D012D4EEDAF}.Debug|Any CPU.Build.0 = Debug|Any CPU
		{E7A064B1-4145-462A-94FC-4D012D4EEDAF}.Release|Any CPU.ActiveCfg = Release|Any CPU
		{E7A064B1-4145-462A-94FC-4D012D4EEDAF}.Release|Any CPU.Build.0 = Release|Any CPU
		{8F64BED3-E343-496C-96EC-8A7204624756}.Debug|Any CPU.ActiveCfg = Debug|Any CPU
		{8F64BED3-E343-496C-96EC-8A7204624756}.Debug|Any CPU.Build.0 = Debug|Any CPU
		{8F64BED3-E343-496C-96EC-8A7204624756}.Release|Any CPU.ActiveCfg = Release|Any CPU
		{8F64BED3-E343-496C-96EC-8A7204624756}.Release|Any CPU.Build.0 = Release|Any CPU
	EndGlobalSection
	GlobalSection(NestedProjects) = preSolution
		{E7A064B1-4145-462A-94FC-4D012D4EEDAF} = {B2DDB7AD-CBB8-4454-B24C-41A59E286FF9}
	EndGlobalSection
EndGlobal
